// !$*UTF8*$!
{
	archiveVersion = 1;
	classes = {
	};
	objectVersion = 46;
	objects = {

/* Begin PBXBuildFile section */
		7D58584F1BEA074700A7CA2B /* biryaniPot_logo.png in Resources */ = {isa = PBXBuildFile; fileRef = 7D5858471BEA074700A7CA2B /* biryaniPot_logo.png */; };
		7D5858501BEA074700A7CA2B /* dominos_logo.png in Resources */ = {isa = PBXBuildFile; fileRef = 7D5858481BEA074700A7CA2B /* dominos_logo.png */; };
		7D5858511BEA074700A7CA2B /* empireRestaurant_logo.png in Resources */ = {isa = PBXBuildFile; fileRef = 7D5858491BEA074700A7CA2B /* empireRestaurant_logo.png */; };
		7D5858521BEA074700A7CA2B /* KFC_logo.png in Resources */ = {isa = PBXBuildFile; fileRef = 7D58584A1BEA074700A7CA2B /* KFC_logo.png */; };
		7D5858531BEA074700A7CA2B /* mastKalander_logo.png in Resources */ = {isa = PBXBuildFile; fileRef = 7D58584B1BEA074700A7CA2B /* mastKalander_logo.png */; };
		7D5858541BEA074700A7CA2B /* mcD_logo.png in Resources */ = {isa = PBXBuildFile; fileRef = 7D58584C1BEA074700A7CA2B /* mcD_logo.png */; };
		7D5858551BEA074700A7CA2B /* subway_logo.png in Resources */ = {isa = PBXBuildFile; fileRef = 7D58584D1BEA074700A7CA2B /* subway_logo.png */; };
		7D5858561BEA074700A7CA2B /* village_logo.png in Resources */ = {isa = PBXBuildFile; fileRef = 7D58584E1BEA074700A7CA2B /* village_logo.png */; };
		7D58585C1BEA0DE300A7CA2B /* RestaurantListTableViewController.m in Sources */ = {isa = PBXBuildFile; fileRef = 7D58585B1BEA0DE300A7CA2B /* RestaurantListTableViewController.m */; };
		7D58585F1BEA158600A7CA2B /* RestaurantDetailController.m in Sources */ = {isa = PBXBuildFile; fileRef = 7D58585E1BEA158600A7CA2B /* RestaurantDetailController.m */; };
		7D5858621BEA256E00A7CA2B /* FoodMenuTableViewController.m in Sources */ = {isa = PBXBuildFile; fileRef = 7D5858611BEA256E00A7CA2B /* FoodMenuTableViewController.m */; };
		7D5858651BEA274600A7CA2B /* FoodMenuInfo.m in Sources */ = {isa = PBXBuildFile; fileRef = 7D5858641BEA274600A7CA2B /* FoodMenuInfo.m */; };
		7D5858691BEB1DBC00A7CA2B /* beverages_logo.png in Resources */ = {isa = PBXBuildFile; fileRef = 7D5858661BEB1DBC00A7CA2B /* beverages_logo.png */; };
		7D58586A1BEB1DBC00A7CA2B /* mainCourse_logo.png in Resources */ = {isa = PBXBuildFile; fileRef = 7D5858671BEB1DBC00A7CA2B /* mainCourse_logo.png */; };
		7D58586B1BEB1DBC00A7CA2B /* starters_logo.png in Resources */ = {isa = PBXBuildFile; fileRef = 7D5858681BEB1DBC00A7CA2B /* starters_logo.png */; };
		7D58586E1BEB2C4B00A7CA2B /* FoodSubMenuTableViewController.m in Sources */ = {isa = PBXBuildFile; fileRef = 7D58586D1BEB2C4B00A7CA2B /* FoodSubMenuTableViewController.m */; };
		7D5858731BEB4C6F00A7CA2B /* restaurant_icon.png in Resources */ = {isa = PBXBuildFile; fileRef = 7D5858721BEB4C6F00A7CA2B /* restaurant_icon.png */; };
		7D5858761BEB4D1D00A7CA2B /* TabBarViewController.m in Sources */ = {isa = PBXBuildFile; fileRef = 7D5858751BEB4D1D00A7CA2B /* TabBarViewController.m */; };
		7D5858781BEB8FA300A7CA2B /* ios-backImage.jpg in Resources */ = {isa = PBXBuildFile; fileRef = 7D5858771BEB8FA300A7CA2B /* ios-backImage.jpg */; };
		7DDF160F1BF06D4A009DDCD3 /* icon_meals.png in Resources */ = {isa = PBXBuildFile; fileRef = 7DDF160E1BF06D4A009DDCD3 /* icon_meals.png */; };
		7DDF16141BF08750009DDCD3 /* Triangle.m in Sources */ = {isa = PBXBuildFile; fileRef = 7DDF16131BF08750009DDCD3 /* Triangle.m */; };
		7DE078701BF1CBE4008BC1CE /* Localizable.strings in Resources */ = {isa = PBXBuildFile; fileRef = 7DE078721BF1CBE4008BC1CE /* Localizable.strings */; };
		7DE5C9E91BE9E7E0009484B4 /* main.m in Sources */ = {isa = PBXBuildFile; fileRef = 7DE5C9E81BE9E7E0009484B4 /* main.m */; };
		7DE5C9EC1BE9E7E0009484B4 /* AppDelegate.m in Sources */ = {isa = PBXBuildFile; fileRef = 7DE5C9EB1BE9E7E0009484B4 /* AppDelegate.m */; };
		7DE5C9F21BE9E7E0009484B4 /* SecondViewController.m in Sources */ = {isa = PBXBuildFile; fileRef = 7DE5C9F11BE9E7E0009484B4 /* SecondViewController.m */; };
		7DE5C9F51BE9E7E0009484B4 /* Main.storyboard in Resources */ = {isa = PBXBuildFile; fileRef = 7DE5C9F31BE9E7E0009484B4 /* Main.storyboard */; };
		7DE5C9F71BE9E7E1009484B4 /* Images.xcassets in Resources */ = {isa = PBXBuildFile; fileRef = 7DE5C9F61BE9E7E1009484B4 /* Images.xcassets */; };
		7DE5C9FA1BE9E7E1009484B4 /* LaunchScreen.xib in Resources */ = {isa = PBXBuildFile; fileRef = 7DE5C9F81BE9E7E1009484B4 /* LaunchScreen.xib */; };
		7DE5CA061BE9E7E1009484B4 /* Food_CourtsTests.m in Sources */ = {isa = PBXBuildFile; fileRef = 7DE5CA051BE9E7E1009484B4 /* Food_CourtsTests.m */; };
		7DE5CA121BE9EB6E009484B4 /* RestaurantInfo.m in Sources */ = {isa = PBXBuildFile; fileRef = 7DE5CA111BE9EB6E009484B4 /* RestaurantInfo.m */; };
		7DE5CA181BE9EC5E009484B4 /* CustomTableViewCell.m in Sources */ = {isa = PBXBuildFile; fileRef = 7DE5CA161BE9EC5E009484B4 /* CustomTableViewCell.m */; };
		7DE5CA191BE9EC5E009484B4 /* CustomTableViewCell.xib in Resources */ = {isa = PBXBuildFile; fileRef = 7DE5CA171BE9EC5E009484B4 /* CustomTableViewCell.xib */; };
/* End PBXBuildFile section */

/* Begin PBXContainerItemProxy section */
		7DE5CA001BE9E7E1009484B4 /* PBXContainerItemProxy */ = {
			isa = PBXContainerItemProxy;
			containerPortal = 7DE5C9DB1BE9E7E0009484B4 /* Project object */;
			proxyType = 1;
			remoteGlobalIDString = 7DE5C9E21BE9E7E0009484B4;
			remoteInfo = "Food Courts";
		};
/* End PBXContainerItemProxy section */

/* Begin PBXFileReference section */
		7D5858471BEA074700A7CA2B /* biryaniPot_logo.png */ = {isa = PBXFileReference; lastKnownFileType = image.png; path = biryaniPot_logo.png; sourceTree = "<group>"; };
		7D5858481BEA074700A7CA2B /* dominos_logo.png */ = {isa = PBXFileReference; lastKnownFileType = image.png; path = dominos_logo.png; sourceTree = "<group>"; };
		7D5858491BEA074700A7CA2B /* empireRestaurant_logo.png */ = {isa = PBXFileReference; lastKnownFileType = image.png; path = empireRestaurant_logo.png; sourceTree = "<group>"; };
		7D58584A1BEA074700A7CA2B /* KFC_logo.png */ = {isa = PBXFileReference; lastKnownFileType = image.png; path = KFC_logo.png; sourceTree = "<group>"; };
		7D58584B1BEA074700A7CA2B /* mastKalander_logo.png */ = {isa = PBXFileReference; lastKnownFileType = image.png; path = mastKalander_logo.png; sourceTree = "<group>"; };
		7D58584C1BEA074700A7CA2B /* mcD_logo.png */ = {isa = PBXFileReference; lastKnownFileType = image.png; path = mcD_logo.png; sourceTree = "<group>"; };
		7D58584D1BEA074700A7CA2B /* subway_logo.png */ = {isa = PBXFileReference; lastKnownFileType = image.png; path = subway_logo.png; sourceTree = "<group>"; };
		7D58584E1BEA074700A7CA2B /* village_logo.png */ = {isa = PBXFileReference; lastKnownFileType = image.png; path = village_logo.png; sourceTree = "<group>"; };
		7D58585A1BEA0DE300A7CA2B /* RestaurantListTableViewController.h */ = {isa = PBXFileReference; fileEncoding = 4; lastKnownFileType = sourcecode.c.h; path = RestaurantListTableViewController.h; sourceTree = "<group>"; };
		7D58585B1BEA0DE300A7CA2B /* RestaurantListTableViewController.m */ = {isa = PBXFileReference; fileEncoding = 4; lastKnownFileType = sourcecode.c.objc; path = RestaurantListTableViewController.m; sourceTree = "<group>"; };
		7D58585D1BEA158500A7CA2B /* RestaurantDetailController.h */ = {isa = PBXFileReference; fileEncoding = 4; lastKnownFileType = sourcecode.c.h; path = RestaurantDetailController.h; sourceTree = "<group>"; };
		7D58585E1BEA158600A7CA2B /* RestaurantDetailController.m */ = {isa = PBXFileReference; fileEncoding = 4; lastKnownFileType = sourcecode.c.objc; path = RestaurantDetailController.m; sourceTree = "<group>"; };
		7D5858601BEA256E00A7CA2B /* FoodMenuTableViewController.h */ = {isa = PBXFileReference; fileEncoding = 4; lastKnownFileType = sourcecode.c.h; path = FoodMenuTableViewController.h; sourceTree = "<group>"; };
		7D5858611BEA256E00A7CA2B /* FoodMenuTableViewController.m */ = {isa = PBXFileReference; fileEncoding = 4; lastKnownFileType = sourcecode.c.objc; path = FoodMenuTableViewController.m; sourceTree = "<group>"; };
		7D5858631BEA274600A7CA2B /* FoodMenuInfo.h */ = {isa = PBXFileReference; fileEncoding = 4; lastKnownFileType = sourcecode.c.h; path = FoodMenuInfo.h; sourceTree = "<group>"; };
		7D5858641BEA274600A7CA2B /* FoodMenuInfo.m */ = {isa = PBXFileReference; fileEncoding = 4; lastKnownFileType = sourcecode.c.objc; path = FoodMenuInfo.m; sourceTree = "<group>"; };
		7D5858661BEB1DBC00A7CA2B /* beverages_logo.png */ = {isa = PBXFileReference; lastKnownFileType = image.png; path = beverages_logo.png; sourceTree = "<group>"; };
		7D5858671BEB1DBC00A7CA2B /* mainCourse_logo.png */ = {isa = PBXFileReference; lastKnownFileType = image.png; path = mainCourse_logo.png; sourceTree = "<group>"; };
		7D5858681BEB1DBC00A7CA2B /* starters_logo.png */ = {isa = PBXFileReference; lastKnownFileType = image.png; path = starters_logo.png; sourceTree = "<group>"; };
		7D58586C1BEB2C4B00A7CA2B /* FoodSubMenuTableViewController.h */ = {isa = PBXFileReference; fileEncoding = 4; lastKnownFileType = sourcecode.c.h; path = FoodSubMenuTableViewController.h; sourceTree = "<group>"; };
		7D58586D1BEB2C4B00A7CA2B /* FoodSubMenuTableViewController.m */ = {isa = PBXFileReference; fileEncoding = 4; lastKnownFileType = sourcecode.c.objc; path = FoodSubMenuTableViewController.m; sourceTree = "<group>"; };
		7D5858721BEB4C6F00A7CA2B /* restaurant_icon.png */ = {isa = PBXFileReference; lastKnownFileType = image.png; path = restaurant_icon.png; sourceTree = "<group>"; };
		7D5858741BEB4D1D00A7CA2B /* TabBarViewController.h */ = {isa = PBXFileReference; fileEncoding = 4; lastKnownFileType = sourcecode.c.h; path = TabBarViewController.h; sourceTree = "<group>"; };
		7D5858751BEB4D1D00A7CA2B /* TabBarViewController.m */ = {isa = PBXFileReference; fileEncoding = 4; lastKnownFileType = sourcecode.c.objc; path = TabBarViewController.m; sourceTree = "<group>"; };
		7D5858771BEB8FA300A7CA2B /* ios-backImage.jpg */ = {isa = PBXFileReference; lastKnownFileType = image.jpeg; path = "ios-backImage.jpg"; sourceTree = "<group>"; };
		7DDF160E1BF06D4A009DDCD3 /* icon_meals.png */ = {isa = PBXFileReference; lastKnownFileType = image.png; path = icon_meals.png; sourceTree = "<group>"; };
		7DDF16121BF08750009DDCD3 /* Triangle.h */ = {isa = PBXFileReference; fileEncoding = 4; lastKnownFileType = sourcecode.c.h; path = Triangle.h; sourceTree = "<group>"; };
		7DDF16131BF08750009DDCD3 /* Triangle.m */ = {isa = PBXFileReference; fileEncoding = 4; lastKnownFileType = sourcecode.c.objc; path = Triangle.m; sourceTree = "<group>"; };
		7DE078211BF1B5BE008BC1CE /* es */ = {isa = PBXFileReference; lastKnownFileType = text.plist.strings; name = es; path = es.lproj/Main.strings; sourceTree = "<group>"; };
		7DE078221BF1B5BE008BC1CE /* es */ = {isa = PBXFileReference; lastKnownFileType = text.plist.strings; name = es; path = es.lproj/LaunchScreen.strings; sourceTree = "<group>"; };
		7DE078231BF1B5E7008BC1CE /* de */ = {isa = PBXFileReference; lastKnownFileType = text.plist.strings; name = de; path = de.lproj/Main.strings; sourceTree = "<group>"; };
		7DE078241BF1B5E7008BC1CE /* de */ = {isa = PBXFileReference; lastKnownFileType = text.plist.strings; name = de; path = de.lproj/LaunchScreen.strings; sourceTree = "<group>"; };
		7DE0782C1BF1C6FA008BC1CE /* fr */ = {isa = PBXFileReference; lastKnownFileType = text.plist.strings; name = fr; path = fr.lproj/Main.strings; sourceTree = "<group>"; };
		7DE0782D1BF1C6FA008BC1CE /* fr */ = {isa = PBXFileReference; lastKnownFileType = text.plist.strings; name = fr; path = fr.lproj/LaunchScreen.strings; sourceTree = "<group>"; };
		7DE078711BF1CBE4008BC1CE /* es */ = {isa = PBXFileReference; lastKnownFileType = text.plist.strings; name = es; path = es.lproj/Localizable.strings; sourceTree = "<group>"; };
		7DE078731BF1CBE6008BC1CE /* en */ = {isa = PBXFileReference; lastKnownFileType = text.plist.strings; name = en; path = en.lproj/Localizable.strings; sourceTree = "<group>"; };
		7DE5C9E31BE9E7E0009484B4 /* Food Courts.app */ = {isa = PBXFileReference; explicitFileType = wrapper.application; includeInIndex = 0; path = "Food Courts.app"; sourceTree = BUILT_PRODUCTS_DIR; };
		7DE5C9E71BE9E7E0009484B4 /* Info.plist */ = {isa = PBXFileReference; lastKnownFileType = text.plist.xml; path = Info.plist; sourceTree = "<group>"; };
		7DE5C9E81BE9E7E0009484B4 /* main.m */ = {isa = PBXFileReference; lastKnownFileType = sourcecode.c.objc; path = main.m; sourceTree = "<group>"; };
		7DE5C9EA1BE9E7E0009484B4 /* AppDelegate.h */ = {isa = PBXFileReference; lastKnownFileType = sourcecode.c.h; name = AppDelegate.h; path = "Food Courts/AppDelegate.h"; sourceTree = "<group>"; };
		7DE5C9EB1BE9E7E0009484B4 /* AppDelegate.m */ = {isa = PBXFileReference; lastKnownFileType = sourcecode.c.objc; name = AppDelegate.m; path = "Food Courts/AppDelegate.m"; sourceTree = "<group>"; };
		7DE5C9F01BE9E7E0009484B4 /* SecondViewController.h */ = {isa = PBXFileReference; lastKnownFileType = sourcecode.c.h; name = SecondViewController.h; path = "Food Courts/SecondViewController.h"; sourceTree = "<group>"; };
		7DE5C9F11BE9E7E0009484B4 /* SecondViewController.m */ = {isa = PBXFileReference; lastKnownFileType = sourcecode.c.objc; name = SecondViewController.m; path = "Food Courts/SecondViewController.m"; sourceTree = "<group>"; };
		7DE5C9F41BE9E7E0009484B4 /* Base */ = {isa = PBXFileReference; lastKnownFileType = file.storyboard; name = Base; path = Base.lproj/Main.storyboard; sourceTree = "<group>"; };
		7DE5C9F61BE9E7E1009484B4 /* Images.xcassets */ = {isa = PBXFileReference; lastKnownFileType = folder.assetcatalog; path = Images.xcassets; sourceTree = "<group>"; };
		7DE5C9F91BE9E7E1009484B4 /* Base */ = {isa = PBXFileReference; lastKnownFileType = file.xib; name = Base; path = Base.lproj/LaunchScreen.xib; sourceTree = "<group>"; };
		7DE5C9FF1BE9E7E1009484B4 /* Food CourtsTests.xctest */ = {isa = PBXFileReference; explicitFileType = wrapper.cfbundle; includeInIndex = 0; path = "Food CourtsTests.xctest"; sourceTree = BUILT_PRODUCTS_DIR; };
		7DE5CA041BE9E7E1009484B4 /* Info.plist */ = {isa = PBXFileReference; lastKnownFileType = text.plist.xml; path = Info.plist; sourceTree = "<group>"; };
		7DE5CA051BE9E7E1009484B4 /* Food_CourtsTests.m */ = {isa = PBXFileReference; lastKnownFileType = sourcecode.c.objc; path = Food_CourtsTests.m; sourceTree = "<group>"; };
		7DE5CA101BE9EB6E009484B4 /* RestaurantInfo.h */ = {isa = PBXFileReference; fileEncoding = 4; lastKnownFileType = sourcecode.c.h; path = RestaurantInfo.h; sourceTree = "<group>"; };
		7DE5CA111BE9EB6E009484B4 /* RestaurantInfo.m */ = {isa = PBXFileReference; fileEncoding = 4; lastKnownFileType = sourcecode.c.objc; path = RestaurantInfo.m; sourceTree = "<group>"; };
		7DE5CA151BE9EC5E009484B4 /* CustomTableViewCell.h */ = {isa = PBXFileReference; fileEncoding = 4; lastKnownFileType = sourcecode.c.h; path = CustomTableViewCell.h; sourceTree = "<group>"; };
		7DE5CA161BE9EC5E009484B4 /* CustomTableViewCell.m */ = {isa = PBXFileReference; fileEncoding = 4; lastKnownFileType = sourcecode.c.objc; path = CustomTableViewCell.m; sourceTree = "<group>"; };
		7DE5CA171BE9EC5E009484B4 /* CustomTableViewCell.xib */ = {isa = PBXFileReference; fileEncoding = 4; lastKnownFileType = file.xib; path = CustomTableViewCell.xib; sourceTree = "<group>"; };
/* End PBXFileReference section */

/* Begin PBXFrameworksBuildPhase section */
		7DE5C9E01BE9E7E0009484B4 /* Frameworks */ = {
			isa = PBXFrameworksBuildPhase;
			buildActionMask = 2147483647;
			files = (
			);
			runOnlyForDeploymentPostprocessing = 0;
		};
		7DE5C9FC1BE9E7E1009484B4 /* Frameworks */ = {
			isa = PBXFrameworksBuildPhase;
			buildActionMask = 2147483647;
			files = (
			);
			runOnlyForDeploymentPostprocessing = 0;
		};
/* End PBXFrameworksBuildPhase section */

/* Begin PBXGroup section */
		7D5858451BEA072A00A7CA2B /* Resources */ = {
			isa = PBXGroup;
			children = (
				7D5858461BEA073200A7CA2B /* Restuarant Images */,
			);
			name = Resources;
			path = ..;
			sourceTree = "<group>";
		};
		7D5858461BEA073200A7CA2B /* Restuarant Images */ = {
			isa = PBXGroup;
			children = (
				7D5858771BEB8FA300A7CA2B /* ios-backImage.jpg */,
				7DDF160E1BF06D4A009DDCD3 /* icon_meals.png */,
				7D5858721BEB4C6F00A7CA2B /* restaurant_icon.png */,
				7D5858471BEA074700A7CA2B /* biryaniPot_logo.png */,
				7D5858481BEA074700A7CA2B /* dominos_logo.png */,
				7D5858491BEA074700A7CA2B /* empireRestaurant_logo.png */,
				7D58584A1BEA074700A7CA2B /* KFC_logo.png */,
				7D58584B1BEA074700A7CA2B /* mastKalander_logo.png */,
				7D58584C1BEA074700A7CA2B /* mcD_logo.png */,
				7D58584D1BEA074700A7CA2B /* subway_logo.png */,
				7D58584E1BEA074700A7CA2B /* village_logo.png */,
				7D5858661BEB1DBC00A7CA2B /* beverages_logo.png */,
				7D5858671BEB1DBC00A7CA2B /* mainCourse_logo.png */,
				7D5858681BEB1DBC00A7CA2B /* starters_logo.png */,
			);
			name = "Restuarant Images";
			sourceTree = "<group>";
		};
		7D58586F1BEB4AFC00A7CA2B /* Restaurant List */ = {
			isa = PBXGroup;
			children = (
				7D58585A1BEA0DE300A7CA2B /* RestaurantListTableViewController.h */,
				7D58585B1BEA0DE300A7CA2B /* RestaurantListTableViewController.m */,
			);
			name = "Restaurant List";
			sourceTree = "<group>";
		};
		7D5858701BEB4B1400A7CA2B /* Food Menu */ = {
			isa = PBXGroup;
			children = (
				7D5858601BEA256E00A7CA2B /* FoodMenuTableViewController.h */,
				7D5858611BEA256E00A7CA2B /* FoodMenuTableViewController.m */,
			);
			name = "Food Menu";
			sourceTree = "<group>";
		};
		7D5858711BEB4B2D00A7CA2B /* Food Sub Menu */ = {
			isa = PBXGroup;
			children = (
				7D58586C1BEB2C4B00A7CA2B /* FoodSubMenuTableViewController.h */,
				7D58586D1BEB2C4B00A7CA2B /* FoodSubMenuTableViewController.m */,
			);
			name = "Food Sub Menu";
			sourceTree = "<group>";
		};
		7DDF16111BF08720009DDCD3 /* Draw Smiley */ = {
			isa = PBXGroup;
			children = (
				7DDF16121BF08750009DDCD3 /* Triangle.h */,
				7DDF16131BF08750009DDCD3 /* Triangle.m */,
			);
			name = "Draw Smiley";
			sourceTree = "<group>";
		};
		7DDF16151BF0B214009DDCD3 /* Selected Dish */ = {
			isa = PBXGroup;
			children = (
				7DE5C9F01BE9E7E0009484B4 /* SecondViewController.h */,
				7DE5C9F11BE9E7E0009484B4 /* SecondViewController.m */,
			);
			name = "Selected Dish";
			sourceTree = "<group>";
		};
		7DE078741BF1DA50008BC1CE /* Restaurant Information */ = {
			isa = PBXGroup;
			children = (
				7DE5CA101BE9EB6E009484B4 /* RestaurantInfo.h */,
				7DE5CA111BE9EB6E009484B4 /* RestaurantInfo.m */,
			);
			name = "Restaurant Information";
			sourceTree = "<group>";
		};
		7DE078751BF1DA62008BC1CE /* Food Menu Information */ = {
			isa = PBXGroup;
			children = (
				7D5858631BEA274600A7CA2B /* FoodMenuInfo.h */,
				7D5858641BEA274600A7CA2B /* FoodMenuInfo.m */,
			);
			name = "Food Menu Information";
			sourceTree = "<group>";
		};
		7DE078761BF1DA91008BC1CE /* Restaurant Name and Menu */ = {
			isa = PBXGroup;
			children = (
				7D58585D1BEA158500A7CA2B /* RestaurantDetailController.h */,
				7D58585E1BEA158600A7CA2B /* RestaurantDetailController.m */,
			);
			name = "Restaurant Name and Menu";
			sourceTree = "<group>";
		};
		7DE078771BF1DAD7008BC1CE /* AppDelegate */ = {
			isa = PBXGroup;
			children = (
				7DE5C9EA1BE9E7E0009484B4 /* AppDelegate.h */,
				7DE5C9EB1BE9E7E0009484B4 /* AppDelegate.m */,
			);
			name = AppDelegate;
			sourceTree = "<group>";
		};
		7DE078781BF1DAF6008BC1CE /* CustomTableViewCell */ = {
			isa = PBXGroup;
			children = (
				7DE5CA151BE9EC5E009484B4 /* CustomTableViewCell.h */,
				7DE5CA161BE9EC5E009484B4 /* CustomTableViewCell.m */,
				7DE5CA171BE9EC5E009484B4 /* CustomTableViewCell.xib */,
			);
			name = CustomTableViewCell;
			sourceTree = "<group>";
		};
		7DE078791BF1DB0D008BC1CE /* TabBar */ = {
			isa = PBXGroup;
			children = (
				7D5858741BEB4D1D00A7CA2B /* TabBarViewController.h */,
				7D5858751BEB4D1D00A7CA2B /* TabBarViewController.m */,
			);
			name = TabBar;
			sourceTree = "<group>";
		};
		7DE0787A1BF1E6A7008BC1CE /* Localizable Strings */ = {
			isa = PBXGroup;
			children = (
				7DE078721BF1CBE4008BC1CE /* Localizable.strings */,
			);
			name = "Localizable Strings";
			sourceTree = "<group>";
		};
		7DE5C9DA1BE9E7E0009484B4 = {
			isa = PBXGroup;
			children = (
				7DE5C9E51BE9E7E0009484B4 /* Food Courts */,
				7DE5CA021BE9E7E1009484B4 /* Food CourtsTests */,
				7DE5C9E41BE9E7E0009484B4 /* Products */,
			);
			sourceTree = "<group>";
		};
		7DE5C9E41BE9E7E0009484B4 /* Products */ = {
			isa = PBXGroup;
			children = (
				7DE5C9E31BE9E7E0009484B4 /* Food Courts.app */,
				7DE5C9FF1BE9E7E1009484B4 /* Food CourtsTests.xctest */,
			);
			name = Products;
			sourceTree = "<group>";
		};
		7DE5C9E51BE9E7E0009484B4 /* Food Courts */ = {
			isa = PBXGroup;
			children = (
				7D5858451BEA072A00A7CA2B /* Resources */,
				7DE5CA0F1BE9EB37009484B4 /* Modal */,
				7DE5CA131BE9EC03009484B4 /* Controller */,
				7DE5CA141BE9EC20009484B4 /* View */,
				7DE0787A1BF1E6A7008BC1CE /* Localizable Strings */,
				7DE5C9F31BE9E7E0009484B4 /* Main.storyboard */,
				7DE5C9F61BE9E7E1009484B4 /* Images.xcassets */,
				7DE5C9F81BE9E7E1009484B4 /* LaunchScreen.xib */,
				7DE5C9E61BE9E7E0009484B4 /* Supporting Files */,
			);
			path = "Food Courts";
			sourceTree = "<group>";
		};
		7DE5C9E61BE9E7E0009484B4 /* Supporting Files */ = {
			isa = PBXGroup;
			children = (
				7DE5C9E71BE9E7E0009484B4 /* Info.plist */,
				7DE5C9E81BE9E7E0009484B4 /* main.m */,
			);
			name = "Supporting Files";
			sourceTree = "<group>";
		};
		7DE5CA021BE9E7E1009484B4 /* Food CourtsTests */ = {
			isa = PBXGroup;
			children = (
				7DE5CA051BE9E7E1009484B4 /* Food_CourtsTests.m */,
				7DE5CA031BE9E7E1009484B4 /* Supporting Files */,
			);
			path = "Food CourtsTests";
			sourceTree = "<group>";
		};
		7DE5CA031BE9E7E1009484B4 /* Supporting Files */ = {
			isa = PBXGroup;
			children = (
				7DE5CA041BE9E7E1009484B4 /* Info.plist */,
			);
			name = "Supporting Files";
			sourceTree = "<group>";
		};
		7DE5CA0F1BE9EB37009484B4 /* Modal */ = {
			isa = PBXGroup;
			children = (
				7DE078741BF1DA50008BC1CE /* Restaurant Information */,
				7DE078751BF1DA62008BC1CE /* Food Menu Information */,
				7DE078761BF1DA91008BC1CE /* Restaurant Name and Menu */,
			);
			name = Modal;
			path = ..;
			sourceTree = "<group>";
		};
		7DE5CA131BE9EC03009484B4 /* Controller */ = {
			isa = PBXGroup;
			children = (
				7D58586F1BEB4AFC00A7CA2B /* Restaurant List */,
				7D5858701BEB4B1400A7CA2B /* Food Menu */,
				7D5858711BEB4B2D00A7CA2B /* Food Sub Menu */,
				7DDF16151BF0B214009DDCD3 /* Selected Dish */,
			);
			name = Controller;
			path = ..;
			sourceTree = "<group>";
		};
		7DE5CA141BE9EC20009484B4 /* View */ = {
			isa = PBXGroup;
			children = (
				7DE078791BF1DB0D008BC1CE /* TabBar */,
				7DE078781BF1DAF6008BC1CE /* CustomTableViewCell */,
				7DDF16111BF08720009DDCD3 /* Draw Smiley */,
				7DE078771BF1DAD7008BC1CE /* AppDelegate */,
			);
			name = View;
			path = ..;
			sourceTree = "<group>";
		};
/* End PBXGroup section */

/* Begin PBXNativeTarget section */
		7DE5C9E21BE9E7E0009484B4 /* Food Courts */ = {
			isa = PBXNativeTarget;
			buildConfigurationList = 7DE5CA091BE9E7E1009484B4 /* Build configuration list for PBXNativeTarget "Food Courts" */;
			buildPhases = (
				7DE5C9DF1BE9E7E0009484B4 /* Sources */,
				7DE5C9E01BE9E7E0009484B4 /* Frameworks */,
				7DE5C9E11BE9E7E0009484B4 /* Resources */,
			);
			buildRules = (
			);
			dependencies = (
			);
			name = "Food Courts";
			productName = "Food Courts";
			productReference = 7DE5C9E31BE9E7E0009484B4 /* Food Courts.app */;
			productType = "com.apple.product-type.application";
		};
		7DE5C9FE1BE9E7E1009484B4 /* Food CourtsTests */ = {
			isa = PBXNativeTarget;
			buildConfigurationList = 7DE5CA0C1BE9E7E1009484B4 /* Build configuration list for PBXNativeTarget "Food CourtsTests" */;
			buildPhases = (
				7DE5C9FB1BE9E7E1009484B4 /* Sources */,
				7DE5C9FC1BE9E7E1009484B4 /* Frameworks */,
				7DE5C9FD1BE9E7E1009484B4 /* Resources */,
			);
			buildRules = (
			);
			dependencies = (
				7DE5CA011BE9E7E1009484B4 /* PBXTargetDependency */,
			);
			name = "Food CourtsTests";
			productName = "Food CourtsTests";
			productReference = 7DE5C9FF1BE9E7E1009484B4 /* Food CourtsTests.xctest */;
			productType = "com.apple.product-type.bundle.unit-test";
		};
/* End PBXNativeTarget section */

/* Begin PBXProject section */
		7DE5C9DB1BE9E7E0009484B4 /* Project object */ = {
			isa = PBXProject;
			attributes = {
				LastUpgradeCheck = 0640;
				ORGANIZATIONNAME = "Sourcebits Technologies";
				TargetAttributes = {
					7DE5C9E21BE9E7E0009484B4 = {
						CreatedOnToolsVersion = 6.4;
					};
					7DE5C9FE1BE9E7E1009484B4 = {
						CreatedOnToolsVersion = 6.4;
						TestTargetID = 7DE5C9E21BE9E7E0009484B4;
					};
				};
			};
			buildConfigurationList = 7DE5C9DE1BE9E7E0009484B4 /* Build configuration list for PBXProject "Food Courts" */;
			compatibilityVersion = "Xcode 3.2";
			developmentRegion = English;
			hasScannedForEncodings = 0;
			knownRegions = (
				en,
				Base,
				es,
				de,
				fr,
			);
			mainGroup = 7DE5C9DA1BE9E7E0009484B4;
			productRefGroup = 7DE5C9E41BE9E7E0009484B4 /* Products */;
			projectDirPath = "";
			projectRoot = "";
			targets = (
				7DE5C9E21BE9E7E0009484B4 /* Food Courts */,
				7DE5C9FE1BE9E7E1009484B4 /* Food CourtsTests */,
			);
		};
/* End PBXProject section */

/* Begin PBXResourcesBuildPhase section */
		7DE5C9E11BE9E7E0009484B4 /* Resources */ = {
			isa = PBXResourcesBuildPhase;
			buildActionMask = 2147483647;
			files = (
				7D5858511BEA074700A7CA2B /* empireRestaurant_logo.png in Resources */,
				7D5858541BEA074700A7CA2B /* mcD_logo.png in Resources */,
				7D5858691BEB1DBC00A7CA2B /* beverages_logo.png in Resources */,
				7DE5C9F51BE9E7E0009484B4 /* Main.storyboard in Resources */,
				7D58586A1BEB1DBC00A7CA2B /* mainCourse_logo.png in Resources */,
				7D58584F1BEA074700A7CA2B /* biryaniPot_logo.png in Resources */,
				7D5858551BEA074700A7CA2B /* subway_logo.png in Resources */,
				7D5858731BEB4C6F00A7CA2B /* restaurant_icon.png in Resources */,
				7D5858781BEB8FA300A7CA2B /* ios-backImage.jpg in Resources */,
				7D5858521BEA074700A7CA2B /* KFC_logo.png in Resources */,
				7D5858501BEA074700A7CA2B /* dominos_logo.png in Resources */,
				7D5858561BEA074700A7CA2B /* village_logo.png in Resources */,
				7DE5C9FA1BE9E7E1009484B4 /* LaunchScreen.xib in Resources */,
				7D5858531BEA074700A7CA2B /* mastKalander_logo.png in Resources */,
				7DDF160F1BF06D4A009DDCD3 /* icon_meals.png in Resources */,
				7DE5CA191BE9EC5E009484B4 /* CustomTableViewCell.xib in Resources */,
				7DE078701BF1CBE4008BC1CE /* Localizable.strings in Resources */,
				7DE5C9F71BE9E7E1009484B4 /* Images.xcassets in Resources */,
				7D58586B1BEB1DBC00A7CA2B /* starters_logo.png in Resources */,
			);
			runOnlyForDeploymentPostprocessing = 0;
		};
		7DE5C9FD1BE9E7E1009484B4 /* Resources */ = {
			isa = PBXResourcesBuildPhase;
			buildActionMask = 2147483647;
			files = (
			);
			runOnlyForDeploymentPostprocessing = 0;
		};
/* End PBXResourcesBuildPhase section */

/* Begin PBXSourcesBuildPhase section */
		7DE5C9DF1BE9E7E0009484B4 /* Sources */ = {
			isa = PBXSourcesBuildPhase;
			buildActionMask = 2147483647;
			files = (
				7D58586E1BEB2C4B00A7CA2B /* FoodSubMenuTableViewController.m in Sources */,
				7DE5C9F21BE9E7E0009484B4 /* SecondViewController.m in Sources */,
				7D58585C1BEA0DE300A7CA2B /* RestaurantListTableViewController.m in Sources */,
				7DE5C9EC1BE9E7E0009484B4 /* AppDelegate.m in Sources */,
				7DE5CA181BE9EC5E009484B4 /* CustomTableViewCell.m in Sources */,
				7DE5CA121BE9EB6E009484B4 /* RestaurantInfo.m in Sources */,
				7DE5C9E91BE9E7E0009484B4 /* main.m in Sources */,
				7D5858761BEB4D1D00A7CA2B /* TabBarViewController.m in Sources */,
				7D5858621BEA256E00A7CA2B /* FoodMenuTableViewController.m in Sources */,
				7D5858651BEA274600A7CA2B /* FoodMenuInfo.m in Sources */,
				7D58585F1BEA158600A7CA2B /* RestaurantDetailController.m in Sources */,
				7DDF16141BF08750009DDCD3 /* Triangle.m in Sources */,
			);
			runOnlyForDeploymentPostprocessing = 0;
		};
		7DE5C9FB1BE9E7E1009484B4 /* Sources */ = {
			isa = PBXSourcesBuildPhase;
			buildActionMask = 2147483647;
			files = (
				7DE5CA061BE9E7E1009484B4 /* Food_CourtsTests.m in Sources */,
			);
			runOnlyForDeploymentPostprocessing = 0;
		};
/* End PBXSourcesBuildPhase section */

/* Begin PBXTargetDependency section */
		7DE5CA011BE9E7E1009484B4 /* PBXTargetDependency */ = {
			isa = PBXTargetDependency;
			target = 7DE5C9E21BE9E7E0009484B4 /* Food Courts */;
			targetProxy = 7DE5CA001BE9E7E1009484B4 /* PBXContainerItemProxy */;
		};
/* End PBXTargetDependency section */

/* Begin PBXVariantGroup section */
		7DE078721BF1CBE4008BC1CE /* Localizable.strings */ = {
			isa = PBXVariantGroup;
			children = (
				7DE078711BF1CBE4008BC1CE /* es */,
				7DE078731BF1CBE6008BC1CE /* en */,
			);
			name = Localizable.strings;
			path = ..;
			sourceTree = "<group>";
		};
		7DE5C9F31BE9E7E0009484B4 /* Main.storyboard */ = {
			isa = PBXVariantGroup;
			children = (
				7DE5C9F41BE9E7E0009484B4 /* Base */,
				7DE078211BF1B5BE008BC1CE /* es */,
				7DE078231BF1B5E7008BC1CE /* de */,
				7DE0782C1BF1C6FA008BC1CE /* fr */,
			);
			name = Main.storyboard;
			sourceTree = "<group>";
		};
		7DE5C9F81BE9E7E1009484B4 /* LaunchScreen.xib */ = {
			isa = PBXVariantGroup;
			children = (
				7DE5C9F91BE9E7E1009484B4 /* Base */,
				7DE078221BF1B5BE008BC1CE /* es */,
				7DE078241BF1B5E7008BC1CE /* de */,
				7DE0782D1BF1C6FA008BC1CE /* fr */,
			);
			name = LaunchScreen.xib;
			sourceTree = "<group>";
		};
/* End PBXVariantGroup section */

/* Begin XCBuildConfiguration section */
		7DE5CA071BE9E7E1009484B4 /* Debug */ = {
			isa = XCBuildConfiguration;
			buildSettings = {
				ALWAYS_SEARCH_USER_PATHS = NO;
				CLANG_CXX_LANGUAGE_STANDARD = "gnu++0x";
				CLANG_CXX_LIBRARY = "libc++";
				CLANG_ENABLE_MODULES = YES;
				CLANG_ENABLE_OBJC_ARC = YES;
				CLANG_WARN_BOOL_CONVERSION = YES;
				CLANG_WARN_CONSTANT_CONVERSION = YES;
				CLANG_WARN_DIRECT_OBJC_ISA_USAGE = YES_ERROR;
				CLANG_WARN_EMPTY_BODY = YES;
				CLANG_WARN_ENUM_CONVERSION = YES;
				CLANG_WARN_INT_CONVERSION = YES;
				CLANG_WARN_OBJC_ROOT_CLASS = YES_ERROR;
				CLANG_WARN_UNREACHABLE_CODE = YES;
				CLANG_WARN__DUPLICATE_METHOD_MATCH = YES;
				"CODE_SIGN_IDENTITY[sdk=iphoneos*]" = "iPhone Developer";
				COPY_PHASE_STRIP = NO;
				DEBUG_INFORMATION_FORMAT = "dwarf-with-dsym";
				ENABLE_STRICT_OBJC_MSGSEND = YES;
				GCC_C_LANGUAGE_STANDARD = gnu99;
				GCC_DYNAMIC_NO_PIC = NO;
				GCC_NO_COMMON_BLOCKS = YES;
				GCC_OPTIMIZATION_LEVEL = 0;
				GCC_PREPROCESSOR_DEFINITIONS = (
					"DEBUG=1",
					"$(inherited)",
				);
				GCC_SYMBOLS_PRIVATE_EXTERN = NO;
				GCC_WARN_64_TO_32_BIT_CONVERSION = YES;
				GCC_WARN_ABOUT_RETURN_TYPE = YES_ERROR;
				GCC_WARN_UNDECLARED_SELECTOR = YES;
				GCC_WARN_UNINITIALIZED_AUTOS = YES_AGGRESSIVE;
				GCC_WARN_UNUSED_FUNCTION = YES;
				GCC_WARN_UNUSED_VARIABLE = YES;
				IPHONEOS_DEPLOYMENT_TARGET = 8.4;
				MTL_ENABLE_DEBUG_INFO = YES;
				ONLY_ACTIVE_ARCH = YES;
				SDKROOT = iphoneos;
			};
			name = Debug;
		};
		7DE5CA081BE9E7E1009484B4 /* Release */ = {
			isa = XCBuildConfiguration;
			buildSettings = {
				ALWAYS_SEARCH_USER_PATHS = NO;
				CLANG_CXX_LANGUAGE_STANDARD = "gnu++0x";
				CLANG_CXX_LIBRARY = "libc++";
				CLANG_ENABLE_MODULES = YES;
				CLANG_ENABLE_OBJC_ARC = YES;
				CLANG_WARN_BOOL_CONVERSION = YES;
				CLANG_WARN_CONSTANT_CONVERSION = YES;
				CLANG_WARN_DIRECT_OBJC_ISA_USAGE = YES_ERROR;
				CLANG_WARN_EMPTY_BODY = YES;
				CLANG_WARN_ENUM_CONVERSION = YES;
				CLANG_WARN_INT_CONVERSION = YES;
				CLANG_WARN_OBJC_ROOT_CLASS = YES_ERROR;
				CLANG_WARN_UNREACHABLE_CODE = YES;
				CLANG_WARN__DUPLICATE_METHOD_MATCH = YES;
				"CODE_SIGN_IDENTITY[sdk=iphoneos*]" = "iPhone Developer";
				COPY_PHASE_STRIP = NO;
				DEBUG_INFORMATION_FORMAT = "dwarf-with-dsym";
				ENABLE_NS_ASSERTIONS = NO;
				ENABLE_STRICT_OBJC_MSGSEND = YES;
				GCC_C_LANGUAGE_STANDARD = gnu99;
				GCC_NO_COMMON_BLOCKS = YES;
				GCC_WARN_64_TO_32_BIT_CONVERSION = YES;
				GCC_WARN_ABOUT_RETURN_TYPE = YES_ERROR;
				GCC_WARN_UNDECLARED_SELECTOR = YES;
				GCC_WARN_UNINITIALIZED_AUTOS = YES_AGGRESSIVE;
				GCC_WARN_UNUSED_FUNCTION = YES;
				GCC_WARN_UNUSED_VARIABLE = YES;
				IPHONEOS_DEPLOYMENT_TARGET = 8.4;
				MTL_ENABLE_DEBUG_INFO = NO;
				SDKROOT = iphoneos;
				VALIDATE_PRODUCT = YES;
			};
			name = Release;
		};
		7DE5CA0A1BE9E7E1009484B4 /* Debug */ = {
			isa = XCBuildConfiguration;
			buildSettings = {
				ASSETCATALOG_COMPILER_APPICON_NAME = AppIcon;
				INFOPLIST_FILE = "Food Courts/Info.plist";
				LD_RUNPATH_SEARCH_PATHS = "$(inherited) @executable_path/Frameworks";
				PRODUCT_NAME = "$(TARGET_NAME)";
			};
			name = Debug;
		};
		7DE5CA0B1BE9E7E1009484B4 /* Release */ = {
			isa = XCBuildConfiguration;
			buildSettings = {
				ASSETCATALOG_COMPILER_APPICON_NAME = AppIcon;
				INFOPLIST_FILE = "Food Courts/Info.plist";
				LD_RUNPATH_SEARCH_PATHS = "$(inherited) @executable_path/Frameworks";
				PRODUCT_NAME = "$(TARGET_NAME)";
			};
			name = Release;
		};
		7DE5CA0D1BE9E7E1009484B4 /* Debug */ = {
			isa = XCBuildConfiguration;
			buildSettings = {
				BUNDLE_LOADER = "$(TEST_HOST)";
				FRAMEWORK_SEARCH_PATHS = (
					"$(SDKROOT)/Developer/Library/Frameworks",
					"$(inherited)",
				);
				GCC_PREPROCESSOR_DEFINITIONS = (
					"DEBUG=1",
					"$(inherited)",
				);
				INFOPLIST_FILE = "Food CourtsTests/Info.plist";
				LD_RUNPATH_SEARCH_PATHS = "$(inherited) @executable_path/Frameworks @loader_path/Frameworks";
				PRODUCT_NAME = "$(TARGET_NAME)";
				TEST_HOST = "$(BUILT_PRODUCTS_DIR)/Food Courts.app/Food Courts";
			};
			name = Debug;
		};
		7DE5CA0E1BE9E7E1009484B4 /* Release */ = {
			isa = XCBuildConfiguration;
			buildSettings = {
				BUNDLE_LOADER = "$(TEST_HOST)";
				FRAMEWORK_SEARCH_PATHS = (
					"$(SDKROOT)/Developer/Library/Frameworks",
					"$(inherited)",
				);
				INFOPLIST_FILE = "Food CourtsTests/Info.plist";
				LD_RUNPATH_SEARCH_PATHS = "$(inherited) @executable_path/Frameworks @loader_path/Frameworks";
				PRODUCT_NAME = "$(TARGET_NAME)";
				TEST_HOST = "$(BUILT_PRODUCTS_DIR)/Food Courts.app/Food Courts";
			};
			name = Release;
		};
/* End XCBuildConfiguration section */

/* Begin XCConfigurationList section */
		7DE5C9DE1BE9E7E0009484B4 /* Build configuration list for PBXProject "Food Courts" */ = {
			isa = XCConfigurationList;
			buildConfigurations = (
				7DE5CA071BE9E7E1009484B4 /* Debug */,
				7DE5CA081BE9E7E1009484B4 /* Release */,
			);
			defaultConfigurationIsVisible = 0;
			defaultConfigurationName = Release;
		};
		7DE5CA091BE9E7E1009484B4 /* Build configuration list for PBXNativeTarget "Food Courts" */ = {
			isa = XCConfigurationList;
			buildConfigurations = (
				7DE5CA0A1BE9E7E1009484B4 /* Debug */,
				7DE5CA0B1BE9E7E1009484B4 /* Release */,
			);
			defaultConfigurationIsVisible = 0;
			defaultConfigurationName = Release;
		};
		7DE5CA0C1BE9E7E1009484B4 /* Build configuration list for PBXNativeTarget "Food CourtsTests" */ = {
			isa = XCConfigurationList;
			buildConfigurations = (
				7DE5CA0D1BE9E7E1009484B4 /* Debug */,
				7DE5CA0E1BE9E7E1009484B4 /* Release */,
			);
			defaultConfigurationIsVisible = 0;
			defaultConfigurationName = Release;
		};
/* End XCConfigurationList section */
	};
	rootObject = 7DE5C9DB1BE9E7E0009484B4 /* Project object */;
}
